// !$*UTF8*$!
{
	archiveVersion = 1;
	classes = {
	};
	objectVersion = 52;
	objects = {

/* Begin PBXBuildFile section */
		241DA75F25F3EAF100CB55E5 /* README.md in Resources */ = {isa = PBXBuildFile; fileRef = 241DA75E25F3EAF100CB55E5 /* README.md */; };
		241DA76325F430AA00CB55E5 /* NewsItemTile.swift in Sources */ = {isa = PBXBuildFile; fileRef = 241DA76225F430AA00CB55E5 /* NewsItemTile.swift */; };
		249186A925F1732E00203020 /* playintSwiftUiApp.swift in Sources */ = {isa = PBXBuildFile; fileRef = 249186A825F1732E00203020 /* playintSwiftUiApp.swift */; };
		249186AB25F1732E00203020 /* ContentView.swift in Sources */ = {isa = PBXBuildFile; fileRef = 249186AA25F1732E00203020 /* ContentView.swift */; };
		249186AD25F1732F00203020 /* Assets.xcassets in Resources */ = {isa = PBXBuildFile; fileRef = 249186AC25F1732F00203020 /* Assets.xcassets */; };
		249186B025F1732F00203020 /* Preview Assets.xcassets in Resources */ = {isa = PBXBuildFile; fileRef = 249186AF25F1732F00203020 /* Preview Assets.xcassets */; };
		249186BA25F176C600203020 /* FirebaseAuth in Frameworks */ = {isa = PBXBuildFile; productRef = 249186B925F176C600203020 /* FirebaseAuth */; };
		249186BC25F176C600203020 /* FirebaseDatabase in Frameworks */ = {isa = PBXBuildFile; productRef = 249186BB25F176C600203020 /* FirebaseDatabase */; };
		249186BE25F176C600203020 /* FirebaseFirestore in Frameworks */ = {isa = PBXBuildFile; productRef = 249186BD25F176C600203020 /* FirebaseFirestore */; };
		249186C425F1772400203020 /* RestBaseService.swift in Sources */ = {isa = PBXBuildFile; fileRef = 249186C325F1772400203020 /* RestBaseService.swift */; };
/* End PBXBuildFile section */

/* Begin PBXFileReference section */
		241DA75E25F3EAF100CB55E5 /* README.md */ = {isa = PBXFileReference; fileEncoding = 4; lastKnownFileType = net.daringfireball.markdown; path = README.md; sourceTree = "<group>"; };
		241DA76225F430AA00CB55E5 /* NewsItemTile.swift */ = {isa = PBXFileReference; lastKnownFileType = sourcecode.swift; path = NewsItemTile.swift; sourceTree = "<group>"; };
		249186A525F1732E00203020 /* playintSwiftUi.app */ = {isa = PBXFileReference; explicitFileType = wrapper.application; includeInIndex = 0; path = playintSwiftUi.app; sourceTree = BUILT_PRODUCTS_DIR; };
		249186A825F1732E00203020 /* playintSwiftUiApp.swift */ = {isa = PBXFileReference; lastKnownFileType = sourcecode.swift; path = playintSwiftUiApp.swift; sourceTree = "<group>"; };
		249186AA25F1732E00203020 /* ContentView.swift */ = {isa = PBXFileReference; lastKnownFileType = sourcecode.swift; path = ContentView.swift; sourceTree = "<group>"; };
		249186AC25F1732F00203020 /* Assets.xcassets */ = {isa = PBXFileReference; lastKnownFileType = folder.assetcatalog; path = Assets.xcassets; sourceTree = "<group>"; };
		249186AF25F1732F00203020 /* Preview Assets.xcassets */ = {isa = PBXFileReference; lastKnownFileType = folder.assetcatalog; path = "Preview Assets.xcassets"; sourceTree = "<group>"; };
		249186B125F1732F00203020 /* Info.plist */ = {isa = PBXFileReference; lastKnownFileType = text.plist.xml; path = Info.plist; sourceTree = "<group>"; };
		249186C325F1772400203020 /* RestBaseService.swift */ = {isa = PBXFileReference; lastKnownFileType = sourcecode.swift; path = RestBaseService.swift; sourceTree = "<group>"; };
/* End PBXFileReference section */

/* Begin PBXFrameworksBuildPhase section */
		249186A225F1732E00203020 /* Frameworks */ = {
			isa = PBXFrameworksBuildPhase;
			buildActionMask = 2147483647;
			files = (
				249186BC25F176C600203020 /* FirebaseDatabase in Frameworks */,
				249186BA25F176C600203020 /* FirebaseAuth in Frameworks */,
				249186BE25F176C600203020 /* FirebaseFirestore in Frameworks */,
			);
			runOnlyForDeploymentPostprocessing = 0;
		};
/* End PBXFrameworksBuildPhase section */

/* Begin PBXGroup section */
		241DA76125F4307300CB55E5 /* Views */ = {
			isa = PBXGroup;
			children = (
				241DA76225F430AA00CB55E5 /* NewsItemTile.swift */,
			);
			path = Views;
			sourceTree = "<group>";
		};
		2491869C25F1732E00203020 = {
			isa = PBXGroup;
			children = (
				241DA75E25F3EAF100CB55E5 /* README.md */,
				249186A725F1732E00203020 /* playintSwiftUi */,
				249186A625F1732E00203020 /* Products */,
			);
			sourceTree = "<group>";
		};
		249186A625F1732E00203020 /* Products */ = {
			isa = PBXGroup;
			children = (
				249186A525F1732E00203020 /* playintSwiftUi.app */,
			);
			name = Products;
			sourceTree = "<group>";
		};
		249186A725F1732E00203020 /* playintSwiftUi */ = {
			isa = PBXGroup;
			children = (
				241DA76125F4307300CB55E5 /* Views */,
				249186C625F36A3100203020 /* Tests */,
				249186C025F1771100203020 /* Services */,
				249186A825F1732E00203020 /* playintSwiftUiApp.swift */,
				249186AA25F1732E00203020 /* ContentView.swift */,
				249186AC25F1732F00203020 /* Assets.xcassets */,
				249186B125F1732F00203020 /* Info.plist */,
				249186AE25F1732F00203020 /* Preview Content */,
			);
			path = playintSwiftUi;
			sourceTree = "<group>";
		};
		249186AE25F1732F00203020 /* Preview Content */ = {
			isa = PBXGroup;
			children = (
				249186AF25F1732F00203020 /* Preview Assets.xcassets */,
			);
			path = "Preview Content";
			sourceTree = "<group>";
		};
		249186C025F1771100203020 /* Services */ = {
			isa = PBXGroup;
			children = (
				249186C325F1772400203020 /* RestBaseService.swift */,
			);
			path = Services;
			sourceTree = "<group>";
		};
		249186C625F36A3100203020 /* Tests */ = {
			isa = PBXGroup;
			children = (
			);
			path = Tests;
			sourceTree = "<group>";
		};
/* End PBXGroup section */

/* Begin PBXNativeTarget section */
		249186A425F1732E00203020 /* playintSwiftUi */ = {
			isa = PBXNativeTarget;
			buildConfigurationList = 249186B425F1732F00203020 /* Build configuration list for PBXNativeTarget "playintSwiftUi" */;
			buildPhases = (
				249186A125F1732E00203020 /* Sources */,
				249186A225F1732E00203020 /* Frameworks */,
				249186A325F1732E00203020 /* Resources */,
			);
			buildRules = (
			);
			dependencies = (
			);
			name = playintSwiftUi;
			packageProductDependencies = (
				249186B925F176C600203020 /* FirebaseAuth */,
				249186BB25F176C600203020 /* FirebaseDatabase */,
				249186BD25F176C600203020 /* FirebaseFirestore */,
			);
			productName = playintSwiftUi;
			productReference = 249186A525F1732E00203020 /* playintSwiftUi.app */;
			productType = "com.apple.product-type.application";
		};
/* End PBXNativeTarget section */

/* Begin PBXProject section */
		2491869D25F1732E00203020 /* Project object */ = {
			isa = PBXProject;
			attributes = {
				LastSwiftUpdateCheck = 1240;
				LastUpgradeCheck = 1240;
				TargetAttributes = {
					249186A425F1732E00203020 = {
						CreatedOnToolsVersion = 12.4;
					};
				};
			};
			buildConfigurationList = 249186A025F1732E00203020 /* Build configuration list for PBXProject "playintSwiftUi" */;
			compatibilityVersion = "Xcode 9.3";
			developmentRegion = en;
			hasScannedForEncodings = 0;
			knownRegions = (
				en,
				Base,
			);
			mainGroup = 2491869C25F1732E00203020;
			packageReferences = (
				249186B825F176C600203020 /* XCRemoteSwiftPackageReference "firebase-ios-sdk" */,
			);
			productRefGroup = 249186A625F1732E00203020 /* Products */;
			projectDirPath = "";
			projectRoot = "";
			targets = (
				249186A425F1732E00203020 /* playintSwiftUi */,
			);
		};
/* End PBXProject section */

/* Begin PBXResourcesBuildPhase section */
		249186A325F1732E00203020 /* Resources */ = {
			isa = PBXResourcesBuildPhase;
			buildActionMask = 2147483647;
			files = (
				241DA75F25F3EAF100CB55E5 /* README.md in Resources */,
				249186B025F1732F00203020 /* Preview Assets.xcassets in Resources */,
				249186AD25F1732F00203020 /* Assets.xcassets in Resources */,
			);
			runOnlyForDeploymentPostprocessing = 0;
		};
/* End PBXResourcesBuildPhase section */

/* Begin PBXSourcesBuildPhase section */
		249186A125F1732E00203020 /* Sources */ = {
			isa = PBXSourcesBuildPhase;
			buildActionMask = 2147483647;
			files = (
				249186C425F1772400203020 /* RestBaseService.swift in Sources */,
				249186AB25F1732E00203020 /* ContentView.swift in Sources */,
				249186A925F1732E00203020 /* playintSwiftUiApp.swift in Sources */,
				241DA76325F430AA00CB55E5 /* NewsItemTile.swift in Sources */,
			);
			runOnlyForDeploymentPostprocessing = 0;
		};
/* End PBXSourcesBuildPhase section */

/* Begin XCBuildConfiguration section */
		249186B225F1732F00203020 /* Debug */ = {
			isa = XCBuildConfiguration;
			buildSettings = {
				ALWAYS_SEARCH_USER_PATHS = NO;
				CLANG_ANALYZER_NONNULL = YES;
				CLANG_ANALYZER_NUMBER_OBJECT_CONVERSION = YES_AGGRESSIVE;
				CLANG_CXX_LANGUAGE_STANDARD = "gnu++14";
				CLANG_CXX_LIBRARY = "libc++";
				CLANG_ENABLE_MODULES = YES;
				CLANG_ENABLE_OBJC_ARC = YES;
				CLANG_ENABLE_OBJC_WEAK = YES;
				CLANG_WARN_BLOCK_CAPTURE_AUTORELEASING = YES;
				CLANG_WARN_BOOL_CONVERSION = YES;
				CLANG_WARN_COMMA = YES;
				CLANG_WARN_CONSTANT_CONVERSION = YES;
				CLANG_WARN_DEPRECATED_OBJC_IMPLEMENTATIONS = YES;
				CLANG_WARN_DIRECT_OBJC_ISA_USAGE = YES_ERROR;
				CLANG_WARN_DOCUMENTATION_COMMENTS = YES;
				CLANG_WARN_EMPTY_BODY = YES;
				CLANG_WARN_ENUM_CONVERSION = YES;
				CLANG_WARN_INFINITE_RECURSION = YES;
				CLANG_WARN_INT_CONVERSION = YES;
				CLANG_WARN_NON_LITERAL_NULL_CONVERSION = YES;
				CLANG_WARN_OBJC_IMPLICIT_RETAIN_SELF = YES;
				CLANG_WARN_OBJC_LITERAL_CONVERSION = YES;
				CLANG_WARN_OBJC_ROOT_CLASS = YES_ERROR;
				CLANG_WARN_QUOTED_INCLUDE_IN_FRAMEWORK_HEADER = YES;
				CLANG_WARN_RANGE_LOOP_ANALYSIS = YES;
				CLANG_WARN_STRICT_PROTOTYPES = YES;
				CLANG_WARN_SUSPICIOUS_MOVE = YES;
				CLANG_WARN_UNGUARDED_AVAILABILITY = YES_AGGRESSIVE;
				CLANG_WARN_UNREACHABLE_CODE = YES;
				CLANG_WARN__DUPLICATE_METHOD_MATCH = YES;
				COPY_PHASE_STRIP = NO;
				DEBUG_INFORMATION_FORMAT = dwarf;
				ENABLE_STRICT_OBJC_MSGSEND = YES;
				ENABLE_TESTABILITY = YES;
				GCC_C_LANGUAGE_STANDARD = gnu11;
				GCC_DYNAMIC_NO_PIC = NO;
				GCC_NO_COMMON_BLOCKS = YES;
				GCC_OPTIMIZATION_LEVEL = 0;
				GCC_PREPROCESSOR_DEFINITIONS = (
					"DEBUG=1",
					"$(inherited)",
				);
				GCC_WARN_64_TO_32_BIT_CONVERSION = YES;
				GCC_WARN_ABOUT_RETURN_TYPE = YES_ERROR;
				GCC_WARN_UNDECLARED_SELECTOR = YES;
				GCC_WARN_UNINITIALIZED_AUTOS = YES_AGGRESSIVE;
				GCC_WARN_UNUSED_FUNCTION = YES;
				GCC_WARN_UNUSED_VARIABLE = YES;
				IPHONEOS_DEPLOYMENT_TARGET = 14.4;
				MTL_ENABLE_DEBUG_INFO = INCLUDE_SOURCE;
				MTL_FAST_MATH = YES;
				ONLY_ACTIVE_ARCH = YES;
				SDKROOT = iphoneos;
				SWIFT_ACTIVE_COMPILATION_CONDITIONS = DEBUG;
				SWIFT_OPTIMIZATION_LEVEL = "-Onone";
			};
			name = Debug;
		};
		249186B325F1732F00203020 /* Release */ = {
			isa = XCBuildConfiguration;
			buildSettings = {
				ALWAYS_SEARCH_USER_PATHS = NO;
				CLANG_ANALYZER_NONNULL = YES;
				CLANG_ANALYZER_NUMBER_OBJECT_CONVERSION = YES_AGGRESSIVE;
				CLANG_CXX_LANGUAGE_STANDARD = "gnu++14";
				CLANG_CXX_LIBRARY = "libc++";
				CLANG_ENABLE_MODULES = YES;
				CLANG_ENABLE_OBJC_ARC = YES;
				CLANG_ENABLE_OBJC_WEAK = YES;
				CLANG_WARN_BLOCK_CAPTURE_AUTORELEASING = YES;
				CLANG_WARN_BOOL_CONVERSION = YES;
				CLANG_WARN_COMMA = YES;
				CLANG_WARN_CONSTANT_CONVERSION = YES;
				CLANG_WARN_DEPRECATED_OBJC_IMPLEMENTATIONS = YES;
				CLANG_WARN_DIRECT_OBJC_ISA_USAGE = YES_ERROR;
				CLANG_WARN_DOCUMENTATION_COMMENTS = YES;
				CLANG_WARN_EMPTY_BODY = YES;
				CLANG_WARN_ENUM_CONVERSION = YES;
				CLANG_WARN_INFINITE_RECURSION = YES;
				CLANG_WARN_INT_CONVERSION = YES;
				CLANG_WARN_NON_LITERAL_NULL_CONVERSION = YES;
				CLANG_WARN_OBJC_IMPLICIT_RETAIN_SELF = YES;
				CLANG_WARN_OBJC_LITERAL_CONVERSION = YES;
				CLANG_WARN_OBJC_ROOT_CLASS = YES_ERROR;
				CLANG_WARN_QUOTED_INCLUDE_IN_FRAMEWORK_HEADER = YES;
				CLANG_WARN_RANGE_LOOP_ANALYSIS = YES;
				CLANG_WARN_STRICT_PROTOTYPES = YES;
				CLANG_WARN_SUSPICIOUS_MOVE = YES;
				CLANG_WARN_UNGUARDED_AVAILABILITY = YES_AGGRESSIVE;
				CLANG_WARN_UNREACHABLE_CODE = YES;
				CLANG_WARN__DUPLICATE_METHOD_MATCH = YES;
				COPY_PHASE_STRIP = NO;
				DEBUG_INFORMATION_FORMAT = "dwarf-with-dsym";
				ENABLE_NS_ASSERTIONS = NO;
				ENABLE_STRICT_OBJC_MSGSEND = YES;
				GCC_C_LANGUAGE_STANDARD = gnu11;
				GCC_NO_COMMON_BLOCKS = YES;
				GCC_WARN_64_TO_32_BIT_CONVERSION = YES;
				GCC_WARN_ABOUT_RETURN_TYPE = YES_ERROR;
				GCC_WARN_UNDECLARED_SELECTOR = YES;
				GCC_WARN_UNINITIALIZED_AUTOS = YES_AGGRESSIVE;
				GCC_WARN_UNUSED_FUNCTION = YES;
				GCC_WARN_UNUSED_VARIABLE = YES;
				IPHONEOS_DEPLOYMENT_TARGET = 14.4;
				MTL_ENABLE_DEBUG_INFO = NO;
				MTL_FAST_MATH = YES;
				SDKROOT = iphoneos;
				SWIFT_COMPILATION_MODE = wholemodule;
				SWIFT_OPTIMIZATION_LEVEL = "-O";
				VALIDATE_PRODUCT = YES;
			};
			name = Release;
		};
		249186B525F1732F00203020 /* Debug */ = {
			isa = XCBuildConfiguration;
			buildSettings = {
				ASSETCATALOG_COMPILER_APPICON_NAME = AppIcon;
				ASSETCATALOG_COMPILER_GLOBAL_ACCENT_COLOR_NAME = AccentColor;
				CODE_SIGN_STYLE = Automatic;
				DEVELOPMENT_ASSET_PATHS = "\"playintSwiftUi/Preview Content\"";
				DEVELOPMENT_TEAM = 6T98LR668F;
				ENABLE_PREVIEWS = YES;
				INFOPLIST_FILE = playintSwiftUi/Info.plist;
				IPHONEOS_DEPLOYMENT_TARGET = 14.0;
				LD_RUNPATH_SEARCH_PATHS = (
					"$(inherited)",
					"@executable_path/Frameworks",
				);
				PRODUCT_BUNDLE_IDENTIFIER = com.eloware.private.playintSwiftUi;
				PRODUCT_NAME = "$(TARGET_NAME)";
				SWIFT_VERSION = 5.0;
				TARGETED_DEVICE_FAMILY = "1,2";
			};
			name = Debug;
		};
		249186B625F1732F00203020 /* Release */ = {
			isa = XCBuildConfiguration;
			buildSettings = {
				ASSETCATALOG_COMPILER_APPICON_NAME = AppIcon;
				ASSETCATALOG_COMPILER_GLOBAL_ACCENT_COLOR_NAME = AccentColor;
				CODE_SIGN_STYLE = Automatic;
				DEVELOPMENT_ASSET_PATHS = "\"playintSwiftUi/Preview Content\"";
				DEVELOPMENT_TEAM = 6T98LR668F;
				ENABLE_PREVIEWS = YES;
				INFOPLIST_FILE = playintSwiftUi/Info.plist;
				IPHONEOS_DEPLOYMENT_TARGET = 14.0;
				LD_RUNPATH_SEARCH_PATHS = (
					"$(inherited)",
					"@executable_path/Frameworks",
				);
				PRODUCT_BUNDLE_IDENTIFIER = com.eloware.private.playintSwiftUi;
				PRODUCT_NAME = "$(TARGET_NAME)";
				SWIFT_VERSION = 5.0;
				TARGETED_DEVICE_FAMILY = "1,2";
			};
			name = Release;
		};
/* End XCBuildConfiguration section */

/* Begin XCConfigurationList section */
		249186A025F1732E00203020 /* Build configuration list for PBXProject "playintSwiftUi" */ = {
			isa = XCConfigurationList;
			buildConfigurations = (
				249186B225F1732F00203020 /* Debug */,
				249186B325F1732F00203020 /* Release */,
			);
			defaultConfigurationIsVisible = 0;
			defaultConfigurationName = Release;
		};
		249186B425F1732F00203020 /* Build configuration list for PBXNativeTarget "playintSwiftUi" */ = {
			isa = XCConfigurationList;
			buildConfigurations = (
				249186B525F1732F00203020 /* Debug */,
				249186B625F1732F00203020 /* Release */,
			);
			defaultConfigurationIsVisible = 0;
			defaultConfigurationName = Release;
		};
/* End XCConfigurationList section */

/* Begin XCRemoteSwiftPackageReference section */
		249186B825F176C600203020 /* XCRemoteSwiftPackageReference "firebase-ios-sdk" */ = {
			isa = XCRemoteSwiftPackageReference;
			repositoryURL = "https://github.com/firebase/firebase-ios-sdk.git";
			requirement = {
				kind = upToNextMajorVersion;
				minimumVersion = 7.7.0;
			};
		};
/* End XCRemoteSwiftPackageReference section */

/* Begin XCSwiftPackageProductDependency section */
		249186B925F176C600203020 /* FirebaseAuth */ = {
			isa = XCSwiftPackageProductDependency;
			package = 249186B825F176C600203020 /* XCRemoteSwiftPackageReference "firebase-ios-sdk" */;
			productName = FirebaseAuth;
		};
		249186BB25F176C600203020 /* FirebaseDatabase */ = {
			isa = XCSwiftPackageProductDependency;
			package = 249186B825F176C600203020 /* XCRemoteSwiftPackageReference "firebase-ios-sdk" */;
			productName = FirebaseDatabase;
		};
		249186BD25F176C600203020 /* FirebaseFirestore */ = {
			isa = XCSwiftPackageProductDependency;
			package = 249186B825F176C600203020 /* XCRemoteSwiftPackageReference "firebase-ios-sdk" */;
			productName = FirebaseFirestore;
		};
/* End XCSwiftPackageProductDependency section */
	};
	rootObject = 2491869D25F1732E00203020 /* Project object */;
}
